// !$*UTF8*$!
{
	archiveVersion = 1;
	classes = {
	};
	objectVersion = 56;
	objects = {

/* Begin PBXBuildFile section */
		1F160E1E2A86C13700D94BA2 /* LogoLaunchScreen.png in Resources */ = {isa = PBXBuildFile; fileRef = 1F160E1D2A86C13700D94BA2 /* LogoLaunchScreen.png */; };
		1F4EFC382A65E388009D0461 /* LocationManager.swift in Sources */ = {isa = PBXBuildFile; fileRef = 1F4EFC372A65E388009D0461 /* LocationManager.swift */; };
		1F4EFC3A2A668D34009D0461 /* GoogleService-Info.plist in Resources */ = {isa = PBXBuildFile; fileRef = 1F4EFC392A668D34009D0461 /* GoogleService-Info.plist */; };
		1F4EFC3C2A66A452009D0461 /* CustomAnnotation.swift in Sources */ = {isa = PBXBuildFile; fileRef = 1F4EFC3B2A66A452009D0461 /* CustomAnnotation.swift */; };
		1F4EFC402A66C8FC009D0461 /* RulesViewController.swift in Sources */ = {isa = PBXBuildFile; fileRef = 1F4EFC3F2A66C8FC009D0461 /* RulesViewController.swift */; };
		1F4EFC422A67E372009D0461 /* ScoreboardTableViewCell.swift in Sources */ = {isa = PBXBuildFile; fileRef = 1F4EFC412A67E372009D0461 /* ScoreboardTableViewCell.swift */; };
		1F8360E72B14F3DC00563084 /* Keys.plist in Resources */ = {isa = PBXBuildFile; fileRef = 1F8360E62B14F3DC00563084 /* Keys.plist */; };
		1FAD08392A6AA26300EA7D3F /* AppCheck.swift in Sources */ = {isa = PBXBuildFile; fileRef = 1FAD08382A6AA26300EA7D3F /* AppCheck.swift */; };
		1FBA92D82B15D940001EDB74 /* LogInViewController.swift in Sources */ = {isa = PBXBuildFile; fileRef = 1FBA92D72B15D940001EDB74 /* LogInViewController.swift */; };
		1FD758962A6C165200EA4781 /* CompassCanvas.swift in Sources */ = {isa = PBXBuildFile; fileRef = 1FD758952A6C165200EA4781 /* CompassCanvas.swift */; };
		1FDB5E9E2A82927E006A473A /* LoadingViewController.swift in Sources */ = {isa = PBXBuildFile; fileRef = 1FDB5E9D2A82927E006A473A /* LoadingViewController.swift */; };
		1FDB5EA12A82960F006A473A /* ProfileViewController.swift in Sources */ = {isa = PBXBuildFile; fileRef = 1FDB5EA02A82960F006A473A /* ProfileViewController.swift */; };
		1FDB5EA32A829FD0006A473A /* TableViewCell.swift in Sources */ = {isa = PBXBuildFile; fileRef = 1FDB5EA22A829FD0006A473A /* TableViewCell.swift */; };
		1FDC802A2A44927E00F9CC96 /* AppDelegate.swift in Sources */ = {isa = PBXBuildFile; fileRef = 1FDC80292A44927E00F9CC96 /* AppDelegate.swift */; };
		1FDC802C2A44927E00F9CC96 /* SceneDelegate.swift in Sources */ = {isa = PBXBuildFile; fileRef = 1FDC802B2A44927E00F9CC96 /* SceneDelegate.swift */; };
		1FDC802E2A44927E00F9CC96 /* HomeMapViewController.swift in Sources */ = {isa = PBXBuildFile; fileRef = 1FDC802D2A44927E00F9CC96 /* HomeMapViewController.swift */; };
		1FDC80332A44927F00F9CC96 /* Assets.xcassets in Resources */ = {isa = PBXBuildFile; fileRef = 1FDC80322A44927F00F9CC96 /* Assets.xcassets */; };
		1FDC80362A44927F00F9CC96 /* LaunchScreen.storyboard in Resources */ = {isa = PBXBuildFile; fileRef = 1FDC80342A44927F00F9CC96 /* LaunchScreen.storyboard */; };
		1FDC80412A44927F00F9CC96 /* RadventureTests.swift in Sources */ = {isa = PBXBuildFile; fileRef = 1FDC80402A44927F00F9CC96 /* RadventureTests.swift */; };
		1FDC804B2A44927F00F9CC96 /* RadventureUITests.swift in Sources */ = {isa = PBXBuildFile; fileRef = 1FDC804A2A44927F00F9CC96 /* RadventureUITests.swift */; };
		1FDC804D2A44927F00F9CC96 /* RadventureUITestsLaunchTests.swift in Sources */ = {isa = PBXBuildFile; fileRef = 1FDC804C2A44927F00F9CC96 /* RadventureUITestsLaunchTests.swift */; };
		1FDC80622A44984600F9CC96 /* TabBarViewController.swift in Sources */ = {isa = PBXBuildFile; fileRef = 1FDC80612A44984600F9CC96 /* TabBarViewController.swift */; };
		1FDC80662A449A0C00F9CC96 /* ScoreboardViewController.swift in Sources */ = {isa = PBXBuildFile; fileRef = 1FDC80652A449A0C00F9CC96 /* ScoreboardViewController.swift */; };
		26F91E8CB51A47682A253A26 /* Pods_RadventureTests.framework in Frameworks */ = {isa = PBXBuildFile; fileRef = 8EECE0BB2B8374A426299E4C /* Pods_RadventureTests.framework */; };
		3C8863668FEAB1CF5C891470 /* Pods_Radventure_RadventureUITests.framework in Frameworks */ = {isa = PBXBuildFile; fileRef = 840A51ABD117B3D7C721F68E /* Pods_Radventure_RadventureUITests.framework */; };
		AE786DEE458D5945EF9854BA /* Pods_Radventure.framework in Frameworks */ = {isa = PBXBuildFile; fileRef = F837A99516E2927F8979E51D /* Pods_Radventure.framework */; };
/* End PBXBuildFile section */

/* Begin PBXContainerItemProxy section */
		1FDC803D2A44927F00F9CC96 /* PBXContainerItemProxy */ = {
			isa = PBXContainerItemProxy;
			containerPortal = 1FDC801E2A44927E00F9CC96 /* Project object */;
			proxyType = 1;
			remoteGlobalIDString = 1FDC80252A44927E00F9CC96;
			remoteInfo = Radventure;
		};
		1FDC80472A44927F00F9CC96 /* PBXContainerItemProxy */ = {
			isa = PBXContainerItemProxy;
			containerPortal = 1FDC801E2A44927E00F9CC96 /* Project object */;
			proxyType = 1;
			remoteGlobalIDString = 1FDC80252A44927E00F9CC96;
			remoteInfo = Radventure;
		};
/* End PBXContainerItemProxy section */

/* Begin PBXFileReference section */
		1F097B202A5CA127005FBA32 /* README.md */ = {isa = PBXFileReference; lastKnownFileType = net.daringfireball.markdown; path = README.md; sourceTree = "<group>"; };
		1F097B212A5CA134005FBA32 /* CHANGELOG.md */ = {isa = PBXFileReference; lastKnownFileType = net.daringfireball.markdown; path = CHANGELOG.md; sourceTree = "<group>"; };
		1F160E1D2A86C13700D94BA2 /* LogoLaunchScreen.png */ = {isa = PBXFileReference; lastKnownFileType = image.png; path = LogoLaunchScreen.png; sourceTree = "<group>"; };
		1F4EFC372A65E388009D0461 /* LocationManager.swift */ = {isa = PBXFileReference; lastKnownFileType = sourcecode.swift; path = LocationManager.swift; sourceTree = "<group>"; };
		1F4EFC392A668D34009D0461 /* GoogleService-Info.plist */ = {isa = PBXFileReference; fileEncoding = 4; lastKnownFileType = text.plist.xml; path = "GoogleService-Info.plist"; sourceTree = "<group>"; };
		1F4EFC3B2A66A452009D0461 /* CustomAnnotation.swift */ = {isa = PBXFileReference; lastKnownFileType = sourcecode.swift; path = CustomAnnotation.swift; sourceTree = "<group>"; };
		1F4EFC3F2A66C8FC009D0461 /* RulesViewController.swift */ = {isa = PBXFileReference; lastKnownFileType = sourcecode.swift; path = RulesViewController.swift; sourceTree = "<group>"; };
		1F4EFC412A67E372009D0461 /* ScoreboardTableViewCell.swift */ = {isa = PBXFileReference; lastKnownFileType = sourcecode.swift; path = ScoreboardTableViewCell.swift; sourceTree = "<group>"; };
		1F8360E62B14F3DC00563084 /* Keys.plist */ = {isa = PBXFileReference; lastKnownFileType = text.plist.xml; path = Keys.plist; sourceTree = "<group>"; };
		1FAD08362A6A92E700EA7D3F /* Radventure.entitlements */ = {isa = PBXFileReference; lastKnownFileType = text.plist.entitlements; path = Radventure.entitlements; sourceTree = "<group>"; };
		1FAD08382A6AA26300EA7D3F /* AppCheck.swift */ = {isa = PBXFileReference; lastKnownFileType = sourcecode.swift; path = AppCheck.swift; sourceTree = "<group>"; };
		1FBA92D72B15D940001EDB74 /* LogInViewController.swift */ = {isa = PBXFileReference; fileEncoding = 4; lastKnownFileType = sourcecode.swift; path = LogInViewController.swift; sourceTree = "<group>"; };
		1FD758952A6C165200EA4781 /* CompassCanvas.swift */ = {isa = PBXFileReference; lastKnownFileType = sourcecode.swift; path = CompassCanvas.swift; sourceTree = "<group>"; };
		1FDB5E9D2A82927E006A473A /* LoadingViewController.swift */ = {isa = PBXFileReference; lastKnownFileType = sourcecode.swift; path = LoadingViewController.swift; sourceTree = "<group>"; };
		1FDB5EA02A82960F006A473A /* ProfileViewController.swift */ = {isa = PBXFileReference; lastKnownFileType = sourcecode.swift; path = ProfileViewController.swift; sourceTree = "<group>"; };
		1FDB5EA22A829FD0006A473A /* TableViewCell.swift */ = {isa = PBXFileReference; lastKnownFileType = sourcecode.swift; path = TableViewCell.swift; sourceTree = "<group>"; };
		1FDC80262A44927E00F9CC96 /* Radventure.app */ = {isa = PBXFileReference; explicitFileType = wrapper.application; includeInIndex = 0; path = Radventure.app; sourceTree = BUILT_PRODUCTS_DIR; };
		1FDC80292A44927E00F9CC96 /* AppDelegate.swift */ = {isa = PBXFileReference; lastKnownFileType = sourcecode.swift; path = AppDelegate.swift; sourceTree = "<group>"; };
		1FDC802B2A44927E00F9CC96 /* SceneDelegate.swift */ = {isa = PBXFileReference; lastKnownFileType = sourcecode.swift; path = SceneDelegate.swift; sourceTree = "<group>"; };
		1FDC802D2A44927E00F9CC96 /* HomeMapViewController.swift */ = {isa = PBXFileReference; lastKnownFileType = sourcecode.swift; path = HomeMapViewController.swift; sourceTree = "<group>"; };
		1FDC80322A44927F00F9CC96 /* Assets.xcassets */ = {isa = PBXFileReference; lastKnownFileType = folder.assetcatalog; path = Assets.xcassets; sourceTree = "<group>"; };
		1FDC80352A44927F00F9CC96 /* Base */ = {isa = PBXFileReference; lastKnownFileType = file.storyboard; name = Base; path = Base.lproj/LaunchScreen.storyboard; sourceTree = "<group>"; };
		1FDC80372A44927F00F9CC96 /* Info.plist */ = {isa = PBXFileReference; lastKnownFileType = text.plist.xml; path = Info.plist; sourceTree = "<group>"; };
		1FDC803C2A44927F00F9CC96 /* RadventureTests.xctest */ = {isa = PBXFileReference; explicitFileType = wrapper.cfbundle; includeInIndex = 0; path = RadventureTests.xctest; sourceTree = BUILT_PRODUCTS_DIR; };
		1FDC80402A44927F00F9CC96 /* RadventureTests.swift */ = {isa = PBXFileReference; lastKnownFileType = sourcecode.swift; path = RadventureTests.swift; sourceTree = "<group>"; };
		1FDC80462A44927F00F9CC96 /* RadventureUITests.xctest */ = {isa = PBXFileReference; explicitFileType = wrapper.cfbundle; includeInIndex = 0; path = RadventureUITests.xctest; sourceTree = BUILT_PRODUCTS_DIR; };
		1FDC804A2A44927F00F9CC96 /* RadventureUITests.swift */ = {isa = PBXFileReference; lastKnownFileType = sourcecode.swift; path = RadventureUITests.swift; sourceTree = "<group>"; };
		1FDC804C2A44927F00F9CC96 /* RadventureUITestsLaunchTests.swift */ = {isa = PBXFileReference; lastKnownFileType = sourcecode.swift; path = RadventureUITestsLaunchTests.swift; sourceTree = "<group>"; };
		1FDC80612A44984600F9CC96 /* TabBarViewController.swift */ = {isa = PBXFileReference; lastKnownFileType = sourcecode.swift; path = TabBarViewController.swift; sourceTree = "<group>"; };
		1FDC80652A449A0C00F9CC96 /* ScoreboardViewController.swift */ = {isa = PBXFileReference; lastKnownFileType = sourcecode.swift; path = ScoreboardViewController.swift; sourceTree = "<group>"; };
		7695E4B128AD8F70219AA416 /* Pods-Radventure.release.xcconfig */ = {isa = PBXFileReference; includeInIndex = 1; lastKnownFileType = text.xcconfig; name = "Pods-Radventure.release.xcconfig"; path = "Target Support Files/Pods-Radventure/Pods-Radventure.release.xcconfig"; sourceTree = "<group>"; };
		840A51ABD117B3D7C721F68E /* Pods_Radventure_RadventureUITests.framework */ = {isa = PBXFileReference; explicitFileType = wrapper.framework; includeInIndex = 0; path = Pods_Radventure_RadventureUITests.framework; sourceTree = BUILT_PRODUCTS_DIR; };
		8EECE0BB2B8374A426299E4C /* Pods_RadventureTests.framework */ = {isa = PBXFileReference; explicitFileType = wrapper.framework; includeInIndex = 0; path = Pods_RadventureTests.framework; sourceTree = BUILT_PRODUCTS_DIR; };
		90D4E6A5AC16C4335EC14A89 /* Pods-Radventure-RadventureUITests.debug.xcconfig */ = {isa = PBXFileReference; includeInIndex = 1; lastKnownFileType = text.xcconfig; name = "Pods-Radventure-RadventureUITests.debug.xcconfig"; path = "Target Support Files/Pods-Radventure-RadventureUITests/Pods-Radventure-RadventureUITests.debug.xcconfig"; sourceTree = "<group>"; };
		A565B6DBC95AC90178D33786 /* Pods-RadventureTests.debug.xcconfig */ = {isa = PBXFileReference; includeInIndex = 1; lastKnownFileType = text.xcconfig; name = "Pods-RadventureTests.debug.xcconfig"; path = "Target Support Files/Pods-RadventureTests/Pods-RadventureTests.debug.xcconfig"; sourceTree = "<group>"; };
		E99756E3D1441ECE043794F5 /* Pods-RadventureTests.release.xcconfig */ = {isa = PBXFileReference; includeInIndex = 1; lastKnownFileType = text.xcconfig; name = "Pods-RadventureTests.release.xcconfig"; path = "Target Support Files/Pods-RadventureTests/Pods-RadventureTests.release.xcconfig"; sourceTree = "<group>"; };
		EF8F38D1CA4489D81D05E6A0 /* Pods-Radventure-RadventureUITests.release.xcconfig */ = {isa = PBXFileReference; includeInIndex = 1; lastKnownFileType = text.xcconfig; name = "Pods-Radventure-RadventureUITests.release.xcconfig"; path = "Target Support Files/Pods-Radventure-RadventureUITests/Pods-Radventure-RadventureUITests.release.xcconfig"; sourceTree = "<group>"; };
		F837A99516E2927F8979E51D /* Pods_Radventure.framework */ = {isa = PBXFileReference; explicitFileType = wrapper.framework; includeInIndex = 0; path = Pods_Radventure.framework; sourceTree = BUILT_PRODUCTS_DIR; };
		FAEB33EE2DCC349780A385BC /* Pods-Radventure.debug.xcconfig */ = {isa = PBXFileReference; includeInIndex = 1; lastKnownFileType = text.xcconfig; name = "Pods-Radventure.debug.xcconfig"; path = "Target Support Files/Pods-Radventure/Pods-Radventure.debug.xcconfig"; sourceTree = "<group>"; };
/* End PBXFileReference section */

/* Begin PBXFrameworksBuildPhase section */
		1FDC80232A44927E00F9CC96 /* Frameworks */ = {
			isa = PBXFrameworksBuildPhase;
			buildActionMask = 2147483647;
			files = (
				AE786DEE458D5945EF9854BA /* Pods_Radventure.framework in Frameworks */,
			);
			runOnlyForDeploymentPostprocessing = 0;
		};
		1FDC80392A44927F00F9CC96 /* Frameworks */ = {
			isa = PBXFrameworksBuildPhase;
			buildActionMask = 2147483647;
			files = (
				26F91E8CB51A47682A253A26 /* Pods_RadventureTests.framework in Frameworks */,
			);
			runOnlyForDeploymentPostprocessing = 0;
		};
		1FDC80432A44927F00F9CC96 /* Frameworks */ = {
			isa = PBXFrameworksBuildPhase;
			buildActionMask = 2147483647;
			files = (
				3C8863668FEAB1CF5C891470 /* Pods_Radventure_RadventureUITests.framework in Frameworks */,
			);
			runOnlyForDeploymentPostprocessing = 0;
		};
/* End PBXFrameworksBuildPhase section */

/* Begin PBXGroup section */
		1F7DF46D2A4DD3E800093A3F /* Images */ = {
			isa = PBXGroup;
			children = (
				1F160E1D2A86C13700D94BA2 /* LogoLaunchScreen.png */,
			);
			path = Images;
			sourceTree = "<group>";
		};
		1FDB5E9F2A8295FC006A473A /* Profile */ = {
			isa = PBXGroup;
			children = (
				1FDB5EA02A82960F006A473A /* ProfileViewController.swift */,
				1FDB5EA22A829FD0006A473A /* TableViewCell.swift */,
			);
			path = Profile;
			sourceTree = "<group>";
		};
		1FDC801D2A44927E00F9CC96 = {
			isa = PBXGroup;
			children = (
				1F097B202A5CA127005FBA32 /* README.md */,
				1F097B212A5CA134005FBA32 /* CHANGELOG.md */,
				1FDC80592A44971600F9CC96 /* Translation */,
				1F7DF46D2A4DD3E800093A3F /* Images */,
				1FDC80282A44927E00F9CC96 /* Radventure */,
				1FDC803F2A44927F00F9CC96 /* RadventureTests */,
				1FDC80492A44927F00F9CC96 /* RadventureUITests */,
				1FDC80272A44927E00F9CC96 /* Products */,
				80684BC2994B3DA299CDFE51 /* Pods */,
				515563DA311F6FDF6FB65E57 /* Frameworks */,
			);
			sourceTree = "<group>";
		};
		1FDC80272A44927E00F9CC96 /* Products */ = {
			isa = PBXGroup;
			children = (
				1FDC80262A44927E00F9CC96 /* Radventure.app */,
				1FDC803C2A44927F00F9CC96 /* RadventureTests.xctest */,
				1FDC80462A44927F00F9CC96 /* RadventureUITests.xctest */,
			);
			name = Products;
			sourceTree = "<group>";
		};
		1FDC80282A44927E00F9CC96 /* Radventure */ = {
			isa = PBXGroup;
			children = (
				1FAD08362A6A92E700EA7D3F /* Radventure.entitlements */,
				1FDC805B2A44978000F9CC96 /* Helper */,
				1FDC805F2A4497B100F9CC96 /* Login */,
				1FDC805C2A44978A00F9CC96 /* Home */,
				1FDC805D2A44979B00F9CC96 /* Score Board */,
				1FDB5E9F2A8295FC006A473A /* Profile */,
				1FDC80292A44927E00F9CC96 /* AppDelegate.swift */,
				1FDC802B2A44927E00F9CC96 /* SceneDelegate.swift */,
				1FDC80612A44984600F9CC96 /* TabBarViewController.swift */,
				1FDC80322A44927F00F9CC96 /* Assets.xcassets */,
				1FDC80342A44927F00F9CC96 /* LaunchScreen.storyboard */,
				1FDC80372A44927F00F9CC96 /* Info.plist */,
				1F4EFC392A668D34009D0461 /* GoogleService-Info.plist */,
				1F8360E62B14F3DC00563084 /* Keys.plist */,
			);
			path = Radventure;
			sourceTree = "<group>";
		};
		1FDC803F2A44927F00F9CC96 /* RadventureTests */ = {
			isa = PBXGroup;
			children = (
				1FDC80402A44927F00F9CC96 /* RadventureTests.swift */,
			);
			path = RadventureTests;
			sourceTree = "<group>";
		};
		1FDC80492A44927F00F9CC96 /* RadventureUITests */ = {
			isa = PBXGroup;
			children = (
				1FDC804A2A44927F00F9CC96 /* RadventureUITests.swift */,
				1FDC804C2A44927F00F9CC96 /* RadventureUITestsLaunchTests.swift */,
			);
			path = RadventureUITests;
			sourceTree = "<group>";
		};
		1FDC80592A44971600F9CC96 /* Translation */ = {
			isa = PBXGroup;
			children = (
			);
			path = Translation;
			sourceTree = "<group>";
		};
		1FDC805B2A44978000F9CC96 /* Helper */ = {
			isa = PBXGroup;
			children = (
				1F4EFC372A65E388009D0461 /* LocationManager.swift */,
				1F4EFC3F2A66C8FC009D0461 /* RulesViewController.swift */,
				1FAD08382A6AA26300EA7D3F /* AppCheck.swift */,
				1FD758952A6C165200EA4781 /* CompassCanvas.swift */,
				1FDB5E9D2A82927E006A473A /* LoadingViewController.swift */,
			);
			path = Helper;
			sourceTree = "<group>";
		};
		1FDC805C2A44978A00F9CC96 /* Home */ = {
			isa = PBXGroup;
			children = (
				1FDC802D2A44927E00F9CC96 /* HomeMapViewController.swift */,
				1F4EFC3B2A66A452009D0461 /* CustomAnnotation.swift */,
			);
			path = Home;
			sourceTree = "<group>";
		};
		1FDC805D2A44979B00F9CC96 /* Score Board */ = {
			isa = PBXGroup;
			children = (
				1FDC80652A449A0C00F9CC96 /* ScoreboardViewController.swift */,
				1F4EFC412A67E372009D0461 /* ScoreboardTableViewCell.swift */,
			);
			path = "Score Board";
			sourceTree = "<group>";
		};
		1FDC805F2A4497B100F9CC96 /* Login */ = {
			isa = PBXGroup;
			children = (
				1FBA92D72B15D940001EDB74 /* LogInViewController.swift */,
			);
			path = Login;
			sourceTree = "<group>";
		};
		515563DA311F6FDF6FB65E57 /* Frameworks */ = {
			isa = PBXGroup;
			children = (
				F837A99516E2927F8979E51D /* Pods_Radventure.framework */,
				840A51ABD117B3D7C721F68E /* Pods_Radventure_RadventureUITests.framework */,
				8EECE0BB2B8374A426299E4C /* Pods_RadventureTests.framework */,
			);
			name = Frameworks;
			sourceTree = "<group>";
		};
		80684BC2994B3DA299CDFE51 /* Pods */ = {
			isa = PBXGroup;
			children = (
				FAEB33EE2DCC349780A385BC /* Pods-Radventure.debug.xcconfig */,
				7695E4B128AD8F70219AA416 /* Pods-Radventure.release.xcconfig */,
				90D4E6A5AC16C4335EC14A89 /* Pods-Radventure-RadventureUITests.debug.xcconfig */,
				EF8F38D1CA4489D81D05E6A0 /* Pods-Radventure-RadventureUITests.release.xcconfig */,
				A565B6DBC95AC90178D33786 /* Pods-RadventureTests.debug.xcconfig */,
				E99756E3D1441ECE043794F5 /* Pods-RadventureTests.release.xcconfig */,
			);
			path = Pods;
			sourceTree = "<group>";
		};
/* End PBXGroup section */

/* Begin PBXNativeTarget section */
		1FDC80252A44927E00F9CC96 /* Radventure */ = {
			isa = PBXNativeTarget;
			buildConfigurationList = 1FDC80502A44927F00F9CC96 /* Build configuration list for PBXNativeTarget "Radventure" */;
			buildPhases = (
				28C78B0A11971AA5562A1A7E /* [CP] Check Pods Manifest.lock */,
				1FDC80222A44927E00F9CC96 /* Sources */,
				1FDC80232A44927E00F9CC96 /* Frameworks */,
				1FDC80242A44927E00F9CC96 /* Resources */,
				1FAD08372A6A9E5000EA7D3F /* ShellScript */,
				23486853E94B07AECDFADC93 /* [CP] Embed Pods Frameworks */,
			);
			buildRules = (
			);
			dependencies = (
			);
			name = Radventure;
			productName = Radventure;
			productReference = 1FDC80262A44927E00F9CC96 /* Radventure.app */;
			productType = "com.apple.product-type.application";
		};
		1FDC803B2A44927F00F9CC96 /* RadventureTests */ = {
			isa = PBXNativeTarget;
			buildConfigurationList = 1FDC80532A44927F00F9CC96 /* Build configuration list for PBXNativeTarget "RadventureTests" */;
			buildPhases = (
				004599E62B1BF000C7B0A48A /* [CP] Check Pods Manifest.lock */,
				1FDC80382A44927F00F9CC96 /* Sources */,
				1FDC80392A44927F00F9CC96 /* Frameworks */,
				1FDC803A2A44927F00F9CC96 /* Resources */,
			);
			buildRules = (
			);
			dependencies = (
				1FDC803E2A44927F00F9CC96 /* PBXTargetDependency */,
			);
			name = RadventureTests;
			productName = RadventureTests;
			productReference = 1FDC803C2A44927F00F9CC96 /* RadventureTests.xctest */;
			productType = "com.apple.product-type.bundle.unit-test";
		};
		1FDC80452A44927F00F9CC96 /* RadventureUITests */ = {
			isa = PBXNativeTarget;
			buildConfigurationList = 1FDC80562A44927F00F9CC96 /* Build configuration list for PBXNativeTarget "RadventureUITests" */;
			buildPhases = (
				D095B5B92EBC30145F3361E2 /* [CP] Check Pods Manifest.lock */,
				1FDC80422A44927F00F9CC96 /* Sources */,
				1FDC80432A44927F00F9CC96 /* Frameworks */,
				1FDC80442A44927F00F9CC96 /* Resources */,
				1BE3C64A24F72AE34AC977BC /* [CP] Embed Pods Frameworks */,
			);
			buildRules = (
			);
			dependencies = (
				1FDC80482A44927F00F9CC96 /* PBXTargetDependency */,
			);
			name = RadventureUITests;
			productName = RadventureUITests;
			productReference = 1FDC80462A44927F00F9CC96 /* RadventureUITests.xctest */;
			productType = "com.apple.product-type.bundle.ui-testing";
		};
/* End PBXNativeTarget section */

/* Begin PBXProject section */
		1FDC801E2A44927E00F9CC96 /* Project object */ = {
			isa = PBXProject;
			attributes = {
				BuildIndependentTargetsInParallel = 1;
				LastSwiftUpdateCheck = 1430;
				LastUpgradeCheck = 1430;
				TargetAttributes = {
					1FDC80252A44927E00F9CC96 = {
						CreatedOnToolsVersion = 14.3.1;
					};
					1FDC803B2A44927F00F9CC96 = {
						CreatedOnToolsVersion = 14.3.1;
						TestTargetID = 1FDC80252A44927E00F9CC96;
					};
					1FDC80452A44927F00F9CC96 = {
						CreatedOnToolsVersion = 14.3.1;
						TestTargetID = 1FDC80252A44927E00F9CC96;
					};
				};
			};
			buildConfigurationList = 1FDC80212A44927E00F9CC96 /* Build configuration list for PBXProject "Radventure" */;
			compatibilityVersion = "Xcode 14.0";
			developmentRegion = en;
			hasScannedForEncodings = 0;
			knownRegions = (
				en,
				Base,
			);
			mainGroup = 1FDC801D2A44927E00F9CC96;
			productRefGroup = 1FDC80272A44927E00F9CC96 /* Products */;
			projectDirPath = "";
			projectRoot = "";
			targets = (
				1FDC80252A44927E00F9CC96 /* Radventure */,
				1FDC803B2A44927F00F9CC96 /* RadventureTests */,
				1FDC80452A44927F00F9CC96 /* RadventureUITests */,
			);
		};
/* End PBXProject section */

/* Begin PBXResourcesBuildPhase section */
		1FDC80242A44927E00F9CC96 /* Resources */ = {
			isa = PBXResourcesBuildPhase;
			buildActionMask = 2147483647;
			files = (
				1F8360E72B14F3DC00563084 /* Keys.plist in Resources */,
				1FDC80362A44927F00F9CC96 /* LaunchScreen.storyboard in Resources */,
				1F4EFC3A2A668D34009D0461 /* GoogleService-Info.plist in Resources */,
				1FDC80332A44927F00F9CC96 /* Assets.xcassets in Resources */,
				1F160E1E2A86C13700D94BA2 /* LogoLaunchScreen.png in Resources */,
			);
			runOnlyForDeploymentPostprocessing = 0;
		};
		1FDC803A2A44927F00F9CC96 /* Resources */ = {
			isa = PBXResourcesBuildPhase;
			buildActionMask = 2147483647;
			files = (
			);
			runOnlyForDeploymentPostprocessing = 0;
		};
		1FDC80442A44927F00F9CC96 /* Resources */ = {
			isa = PBXResourcesBuildPhase;
			buildActionMask = 2147483647;
			files = (
			);
			runOnlyForDeploymentPostprocessing = 0;
		};
/* End PBXResourcesBuildPhase section */

/* Begin PBXShellScriptBuildPhase section */
		004599E62B1BF000C7B0A48A /* [CP] Check Pods Manifest.lock */ = {
			isa = PBXShellScriptBuildPhase;
			buildActionMask = 2147483647;
			files = (
			);
			inputFileListPaths = (
			);
			inputPaths = (
				"${PODS_PODFILE_DIR_PATH}/Podfile.lock",
				"${PODS_ROOT}/Manifest.lock",
			);
			name = "[CP] Check Pods Manifest.lock";
			outputFileListPaths = (
			);
			outputPaths = (
				"$(DERIVED_FILE_DIR)/Pods-RadventureTests-checkManifestLockResult.txt",
			);
			runOnlyForDeploymentPostprocessing = 0;
			shellPath = /bin/sh;
			shellScript = "diff \"${PODS_PODFILE_DIR_PATH}/Podfile.lock\" \"${PODS_ROOT}/Manifest.lock\" > /dev/null\nif [ $? != 0 ] ; then\n    # print error to STDERR\n    echo \"error: The sandbox is not in sync with the Podfile.lock. Run 'pod install' or update your CocoaPods installation.\" >&2\n    exit 1\nfi\n# This output is used by Xcode 'outputs' to avoid re-running this script phase.\necho \"SUCCESS\" > \"${SCRIPT_OUTPUT_FILE_0}\"\n";
			showEnvVarsInLog = 0;
		};
		1BE3C64A24F72AE34AC977BC /* [CP] Embed Pods Frameworks */ = {
			isa = PBXShellScriptBuildPhase;
			buildActionMask = 2147483647;
			files = (
			);
			inputFileListPaths = (
				"${PODS_ROOT}/Target Support Files/Pods-Radventure-RadventureUITests/Pods-Radventure-RadventureUITests-frameworks-${CONFIGURATION}-input-files.xcfilelist",
			);
			name = "[CP] Embed Pods Frameworks";
			outputFileListPaths = (
				"${PODS_ROOT}/Target Support Files/Pods-Radventure-RadventureUITests/Pods-Radventure-RadventureUITests-frameworks-${CONFIGURATION}-output-files.xcfilelist",
			);
			runOnlyForDeploymentPostprocessing = 0;
			shellPath = /bin/sh;
			shellScript = "\"${PODS_ROOT}/Target Support Files/Pods-Radventure-RadventureUITests/Pods-Radventure-RadventureUITests-frameworks.sh\"\n";
			showEnvVarsInLog = 0;
		};
		1FAD08372A6A9E5000EA7D3F /* ShellScript */ = {
			isa = PBXShellScriptBuildPhase;
			buildActionMask = 2147483647;
			files = (
			);
			inputFileListPaths = (
			);
			inputPaths = (
				"$(SRCROOT)/$(BUILT_PRODUCTS_DIR)/$(INFOPLIST_PATH)",
				"${DWARF_DSYM_FOLDER_PATH}/${DWARF_DSYM_FILE_NAME}/Contents/Resources/DWARF/${TARGET_NAME}",
			);
			outputFileListPaths = (
			);
			outputPaths = (
			);
			runOnlyForDeploymentPostprocessing = 0;
			shellPath = /bin/sh;
			shellScript = "# Type a script or drag a script file from your workspace to insert its path.\n\"${PODS_ROOT}/FirebaseCrashlytics/run\"\n";
		};
		23486853E94B07AECDFADC93 /* [CP] Embed Pods Frameworks */ = {
			isa = PBXShellScriptBuildPhase;
			buildActionMask = 2147483647;
			files = (
			);
			inputFileListPaths = (
				"${PODS_ROOT}/Target Support Files/Pods-Radventure/Pods-Radventure-frameworks-${CONFIGURATION}-input-files.xcfilelist",
			);
			name = "[CP] Embed Pods Frameworks";
			outputFileListPaths = (
				"${PODS_ROOT}/Target Support Files/Pods-Radventure/Pods-Radventure-frameworks-${CONFIGURATION}-output-files.xcfilelist",
			);
			runOnlyForDeploymentPostprocessing = 0;
			shellPath = /bin/sh;
			shellScript = "\"${PODS_ROOT}/Target Support Files/Pods-Radventure/Pods-Radventure-frameworks.sh\"\n";
			showEnvVarsInLog = 0;
		};
		28C78B0A11971AA5562A1A7E /* [CP] Check Pods Manifest.lock */ = {
			isa = PBXShellScriptBuildPhase;
			buildActionMask = 2147483647;
			files = (
			);
			inputFileListPaths = (
			);
			inputPaths = (
				"${PODS_PODFILE_DIR_PATH}/Podfile.lock",
				"${PODS_ROOT}/Manifest.lock",
			);
			name = "[CP] Check Pods Manifest.lock";
			outputFileListPaths = (
			);
			outputPaths = (
				"$(DERIVED_FILE_DIR)/Pods-Radventure-checkManifestLockResult.txt",
			);
			runOnlyForDeploymentPostprocessing = 0;
			shellPath = /bin/sh;
			shellScript = "diff \"${PODS_PODFILE_DIR_PATH}/Podfile.lock\" \"${PODS_ROOT}/Manifest.lock\" > /dev/null\nif [ $? != 0 ] ; then\n    # print error to STDERR\n    echo \"error: The sandbox is not in sync with the Podfile.lock. Run 'pod install' or update your CocoaPods installation.\" >&2\n    exit 1\nfi\n# This output is used by Xcode 'outputs' to avoid re-running this script phase.\necho \"SUCCESS\" > \"${SCRIPT_OUTPUT_FILE_0}\"\n";
			showEnvVarsInLog = 0;
		};
		D095B5B92EBC30145F3361E2 /* [CP] Check Pods Manifest.lock */ = {
			isa = PBXShellScriptBuildPhase;
			buildActionMask = 2147483647;
			files = (
			);
			inputFileListPaths = (
			);
			inputPaths = (
				"${PODS_PODFILE_DIR_PATH}/Podfile.lock",
				"${PODS_ROOT}/Manifest.lock",
			);
			name = "[CP] Check Pods Manifest.lock";
			outputFileListPaths = (
			);
			outputPaths = (
				"$(DERIVED_FILE_DIR)/Pods-Radventure-RadventureUITests-checkManifestLockResult.txt",
			);
			runOnlyForDeploymentPostprocessing = 0;
			shellPath = /bin/sh;
			shellScript = "diff \"${PODS_PODFILE_DIR_PATH}/Podfile.lock\" \"${PODS_ROOT}/Manifest.lock\" > /dev/null\nif [ $? != 0 ] ; then\n    # print error to STDERR\n    echo \"error: The sandbox is not in sync with the Podfile.lock. Run 'pod install' or update your CocoaPods installation.\" >&2\n    exit 1\nfi\n# This output is used by Xcode 'outputs' to avoid re-running this script phase.\necho \"SUCCESS\" > \"${SCRIPT_OUTPUT_FILE_0}\"\n";
			showEnvVarsInLog = 0;
		};
/* End PBXShellScriptBuildPhase section */

/* Begin PBXSourcesBuildPhase section */
		1FDC80222A44927E00F9CC96 /* Sources */ = {
			isa = PBXSourcesBuildPhase;
			buildActionMask = 2147483647;
			files = (
				1FDB5EA32A829FD0006A473A /* TableViewCell.swift in Sources */,
				1F4EFC402A66C8FC009D0461 /* RulesViewController.swift in Sources */,
				1FDC80622A44984600F9CC96 /* TabBarViewController.swift in Sources */,
				1FDC802E2A44927E00F9CC96 /* HomeMapViewController.swift in Sources */,
				1F4EFC3C2A66A452009D0461 /* CustomAnnotation.swift in Sources */,
				1FDB5EA12A82960F006A473A /* ProfileViewController.swift in Sources */,
				1FD758962A6C165200EA4781 /* CompassCanvas.swift in Sources */,
				1F4EFC422A67E372009D0461 /* ScoreboardTableViewCell.swift in Sources */,
				1FBA92D82B15D940001EDB74 /* LogInViewController.swift in Sources */,
				1FAD08392A6AA26300EA7D3F /* AppCheck.swift in Sources */,
				1F4EFC382A65E388009D0461 /* LocationManager.swift in Sources */,
				1FDC802A2A44927E00F9CC96 /* AppDelegate.swift in Sources */,
				1FDC80662A449A0C00F9CC96 /* ScoreboardViewController.swift in Sources */,
				1FDB5E9E2A82927E006A473A /* LoadingViewController.swift in Sources */,
				1FDC802C2A44927E00F9CC96 /* SceneDelegate.swift in Sources */,
			);
			runOnlyForDeploymentPostprocessing = 0;
		};
		1FDC80382A44927F00F9CC96 /* Sources */ = {
			isa = PBXSourcesBuildPhase;
			buildActionMask = 2147483647;
			files = (
				1FDC80412A44927F00F9CC96 /* RadventureTests.swift in Sources */,
			);
			runOnlyForDeploymentPostprocessing = 0;
		};
		1FDC80422A44927F00F9CC96 /* Sources */ = {
			isa = PBXSourcesBuildPhase;
			buildActionMask = 2147483647;
			files = (
				1FDC804D2A44927F00F9CC96 /* RadventureUITestsLaunchTests.swift in Sources */,
				1FDC804B2A44927F00F9CC96 /* RadventureUITests.swift in Sources */,
			);
			runOnlyForDeploymentPostprocessing = 0;
		};
/* End PBXSourcesBuildPhase section */

/* Begin PBXTargetDependency section */
		1FDC803E2A44927F00F9CC96 /* PBXTargetDependency */ = {
			isa = PBXTargetDependency;
			target = 1FDC80252A44927E00F9CC96 /* Radventure */;
			targetProxy = 1FDC803D2A44927F00F9CC96 /* PBXContainerItemProxy */;
		};
		1FDC80482A44927F00F9CC96 /* PBXTargetDependency */ = {
			isa = PBXTargetDependency;
			target = 1FDC80252A44927E00F9CC96 /* Radventure */;
			targetProxy = 1FDC80472A44927F00F9CC96 /* PBXContainerItemProxy */;
		};
/* End PBXTargetDependency section */

/* Begin PBXVariantGroup section */
		1FDC80342A44927F00F9CC96 /* LaunchScreen.storyboard */ = {
			isa = PBXVariantGroup;
			children = (
				1FDC80352A44927F00F9CC96 /* Base */,
			);
			name = LaunchScreen.storyboard;
			sourceTree = "<group>";
		};
/* End PBXVariantGroup section */

/* Begin XCBuildConfiguration section */
		1FDC804E2A44927F00F9CC96 /* Debug */ = {
			isa = XCBuildConfiguration;
			buildSettings = {
				ALWAYS_SEARCH_USER_PATHS = NO;
				CLANG_ANALYZER_NONNULL = YES;
				CLANG_ANALYZER_NUMBER_OBJECT_CONVERSION = YES_AGGRESSIVE;
				CLANG_CXX_LANGUAGE_STANDARD = "gnu++20";
				CLANG_ENABLE_MODULES = YES;
				CLANG_ENABLE_OBJC_ARC = YES;
				CLANG_ENABLE_OBJC_WEAK = YES;
				CLANG_WARN_BLOCK_CAPTURE_AUTORELEASING = YES;
				CLANG_WARN_BOOL_CONVERSION = YES;
				CLANG_WARN_COMMA = YES;
				CLANG_WARN_CONSTANT_CONVERSION = YES;
				CLANG_WARN_DEPRECATED_OBJC_IMPLEMENTATIONS = YES;
				CLANG_WARN_DIRECT_OBJC_ISA_USAGE = YES_ERROR;
				CLANG_WARN_DOCUMENTATION_COMMENTS = YES;
				CLANG_WARN_EMPTY_BODY = YES;
				CLANG_WARN_ENUM_CONVERSION = YES;
				CLANG_WARN_INFINITE_RECURSION = YES;
				CLANG_WARN_INT_CONVERSION = YES;
				CLANG_WARN_NON_LITERAL_NULL_CONVERSION = YES;
				CLANG_WARN_OBJC_IMPLICIT_RETAIN_SELF = YES;
				CLANG_WARN_OBJC_LITERAL_CONVERSION = YES;
				CLANG_WARN_OBJC_ROOT_CLASS = YES_ERROR;
				CLANG_WARN_QUOTED_INCLUDE_IN_FRAMEWORK_HEADER = YES;
				CLANG_WARN_RANGE_LOOP_ANALYSIS = YES;
				CLANG_WARN_STRICT_PROTOTYPES = YES;
				CLANG_WARN_SUSPICIOUS_MOVE = YES;
				CLANG_WARN_UNGUARDED_AVAILABILITY = YES_AGGRESSIVE;
				CLANG_WARN_UNREACHABLE_CODE = YES;
				CLANG_WARN__DUPLICATE_METHOD_MATCH = YES;
				COPY_PHASE_STRIP = NO;
				DEBUG_INFORMATION_FORMAT = dwarf;
				ENABLE_STRICT_OBJC_MSGSEND = YES;
				ENABLE_TESTABILITY = YES;
				ENABLE_USER_SCRIPT_SANDBOXING = NO;
				GCC_C_LANGUAGE_STANDARD = gnu11;
				GCC_DYNAMIC_NO_PIC = NO;
				GCC_NO_COMMON_BLOCKS = YES;
				GCC_OPTIMIZATION_LEVEL = 0;
				GCC_PREPROCESSOR_DEFINITIONS = (
					"DEBUG=1",
					"$(inherited)",
				);
				GCC_WARN_64_TO_32_BIT_CONVERSION = YES;
				GCC_WARN_ABOUT_RETURN_TYPE = YES_ERROR;
				GCC_WARN_UNDECLARED_SELECTOR = YES;
				GCC_WARN_UNINITIALIZED_AUTOS = YES_AGGRESSIVE;
				GCC_WARN_UNUSED_FUNCTION = YES;
				GCC_WARN_UNUSED_VARIABLE = YES;
				IPHONEOS_DEPLOYMENT_TARGET = 16.4;
				MTL_ENABLE_DEBUG_INFO = INCLUDE_SOURCE;
				MTL_FAST_MATH = YES;
				ONLY_ACTIVE_ARCH = YES;
				SDKROOT = iphoneos;
				SWIFT_ACTIVE_COMPILATION_CONDITIONS = DEBUG;
				SWIFT_OPTIMIZATION_LEVEL = "-Onone";
			};
			name = Debug;
		};
		1FDC804F2A44927F00F9CC96 /* Release */ = {
			isa = XCBuildConfiguration;
			buildSettings = {
				ALWAYS_SEARCH_USER_PATHS = NO;
				CLANG_ANALYZER_NONNULL = YES;
				CLANG_ANALYZER_NUMBER_OBJECT_CONVERSION = YES_AGGRESSIVE;
				CLANG_CXX_LANGUAGE_STANDARD = "gnu++20";
				CLANG_ENABLE_MODULES = YES;
				CLANG_ENABLE_OBJC_ARC = YES;
				CLANG_ENABLE_OBJC_WEAK = YES;
				CLANG_WARN_BLOCK_CAPTURE_AUTORELEASING = YES;
				CLANG_WARN_BOOL_CONVERSION = YES;
				CLANG_WARN_COMMA = YES;
				CLANG_WARN_CONSTANT_CONVERSION = YES;
				CLANG_WARN_DEPRECATED_OBJC_IMPLEMENTATIONS = YES;
				CLANG_WARN_DIRECT_OBJC_ISA_USAGE = YES_ERROR;
				CLANG_WARN_DOCUMENTATION_COMMENTS = YES;
				CLANG_WARN_EMPTY_BODY = YES;
				CLANG_WARN_ENUM_CONVERSION = YES;
				CLANG_WARN_INFINITE_RECURSION = YES;
				CLANG_WARN_INT_CONVERSION = YES;
				CLANG_WARN_NON_LITERAL_NULL_CONVERSION = YES;
				CLANG_WARN_OBJC_IMPLICIT_RETAIN_SELF = YES;
				CLANG_WARN_OBJC_LITERAL_CONVERSION = YES;
				CLANG_WARN_OBJC_ROOT_CLASS = YES_ERROR;
				CLANG_WARN_QUOTED_INCLUDE_IN_FRAMEWORK_HEADER = YES;
				CLANG_WARN_RANGE_LOOP_ANALYSIS = YES;
				CLANG_WARN_STRICT_PROTOTYPES = YES;
				CLANG_WARN_SUSPICIOUS_MOVE = YES;
				CLANG_WARN_UNGUARDED_AVAILABILITY = YES_AGGRESSIVE;
				CLANG_WARN_UNREACHABLE_CODE = YES;
				CLANG_WARN__DUPLICATE_METHOD_MATCH = YES;
				COPY_PHASE_STRIP = NO;
				DEBUG_INFORMATION_FORMAT = "dwarf-with-dsym";
				ENABLE_NS_ASSERTIONS = NO;
				ENABLE_STRICT_OBJC_MSGSEND = YES;
				ENABLE_USER_SCRIPT_SANDBOXING = NO;
				GCC_C_LANGUAGE_STANDARD = gnu11;
				GCC_NO_COMMON_BLOCKS = YES;
				GCC_WARN_64_TO_32_BIT_CONVERSION = YES;
				GCC_WARN_ABOUT_RETURN_TYPE = YES_ERROR;
				GCC_WARN_UNDECLARED_SELECTOR = YES;
				GCC_WARN_UNINITIALIZED_AUTOS = YES_AGGRESSIVE;
				GCC_WARN_UNUSED_FUNCTION = YES;
				GCC_WARN_UNUSED_VARIABLE = YES;
				IPHONEOS_DEPLOYMENT_TARGET = 16.4;
				MTL_ENABLE_DEBUG_INFO = NO;
				MTL_FAST_MATH = YES;
				SDKROOT = iphoneos;
				SWIFT_COMPILATION_MODE = wholemodule;
				SWIFT_OPTIMIZATION_LEVEL = "-O";
				VALIDATE_PRODUCT = YES;
			};
			name = Release;
		};
		1FDC80512A44927F00F9CC96 /* Debug */ = {
			isa = XCBuildConfiguration;
			baseConfigurationReference = FAEB33EE2DCC349780A385BC /* Pods-Radventure.debug.xcconfig */;
			buildSettings = {
				ASSETCATALOG_COMPILER_APPICON_NAME = AppIcon;
				ASSETCATALOG_COMPILER_GLOBAL_ACCENT_COLOR_NAME = AccentColor;
				CODE_SIGN_ENTITLEMENTS = Radventure/Radventure.entitlements;
				CODE_SIGN_STYLE = Automatic;
				CURRENT_PROJECT_VERSION = 32;
				DEBUG_INFORMATION_FORMAT = "dwarf-with-dsym";
				DEVELOPMENT_TEAM = NV57XZ3KBV;
				GENERATE_INFOPLIST_FILE = YES;
				INFOPLIST_FILE = Radventure/Info.plist;
				INFOPLIST_KEY_CFBundleDisplayName = "Robert Compass";
				INFOPLIST_KEY_LSApplicationCategoryType = "public.app-category.education";
				INFOPLIST_KEY_NSLocationWhenInUseUsageDescription = "Please allow application to use your location for GPS.";
				INFOPLIST_KEY_UIApplicationSupportsIndirectInputEvents = YES;
				INFOPLIST_KEY_UILaunchStoryboardName = LaunchScreen;
				INFOPLIST_KEY_UIStatusBarHidden = NO;
				INFOPLIST_KEY_UISupportedInterfaceOrientations = UIInterfaceOrientationPortrait;
				INFOPLIST_KEY_UISupportedInterfaceOrientations_iPad = "UIInterfaceOrientationLandscapeLeft UIInterfaceOrientationLandscapeRight UIInterfaceOrientationPortrait UIInterfaceOrientationPortraitUpsideDown";
				INFOPLIST_KEY_UIUserInterfaceStyle = Light;
				IPHONEOS_DEPLOYMENT_TARGET = 14;
				LD_RUNPATH_SEARCH_PATHS = (
					"$(inherited)",
					"@executable_path/Frameworks",
				);
				MARKETING_VERSION = 2.1;
				PRODUCT_BUNDLE_IDENTIFIER = com.CanDuru.Radventure;
				PRODUCT_NAME = "$(TARGET_NAME)";
				SUPPORTED_PLATFORMS = "iphoneos iphonesimulator";
				SUPPORTS_MACCATALYST = NO;
				SUPPORTS_MAC_DESIGNED_FOR_IPHONE_IPAD = NO;
				SUPPORTS_XR_DESIGNED_FOR_IPHONE_IPAD = NO;
				SWIFT_EMIT_LOC_STRINGS = YES;
				SWIFT_VERSION = 5.0;
				TARGETED_DEVICE_FAMILY = 1;
			};
			name = Debug;
		};
		1FDC80522A44927F00F9CC96 /* Release */ = {
			isa = XCBuildConfiguration;
			baseConfigurationReference = 7695E4B128AD8F70219AA416 /* Pods-Radventure.release.xcconfig */;
			buildSettings = {
				ASSETCATALOG_COMPILER_APPICON_NAME = AppIcon;
				ASSETCATALOG_COMPILER_GLOBAL_ACCENT_COLOR_NAME = AccentColor;
				CODE_SIGN_ENTITLEMENTS = Radventure/Radventure.entitlements;
				CODE_SIGN_STYLE = Automatic;
				CURRENT_PROJECT_VERSION = 32;
				DEBUG_INFORMATION_FORMAT = "dwarf-with-dsym";
				DEVELOPMENT_TEAM = NV57XZ3KBV;
				GENERATE_INFOPLIST_FILE = YES;
				INFOPLIST_FILE = Radventure/Info.plist;
				INFOPLIST_KEY_CFBundleDisplayName = "Robert Compass";
				INFOPLIST_KEY_LSApplicationCategoryType = "public.app-category.education";
				INFOPLIST_KEY_NSLocationWhenInUseUsageDescription = "Please allow application to use your location for GPS.";
				INFOPLIST_KEY_UIApplicationSupportsIndirectInputEvents = YES;
				INFOPLIST_KEY_UILaunchStoryboardName = LaunchScreen;
				INFOPLIST_KEY_UIStatusBarHidden = NO;
				INFOPLIST_KEY_UISupportedInterfaceOrientations = UIInterfaceOrientationPortrait;
				INFOPLIST_KEY_UISupportedInterfaceOrientations_iPad = "UIInterfaceOrientationLandscapeLeft UIInterfaceOrientationLandscapeRight UIInterfaceOrientationPortrait UIInterfaceOrientationPortraitUpsideDown";
				INFOPLIST_KEY_UIUserInterfaceStyle = Light;
				IPHONEOS_DEPLOYMENT_TARGET = 14;
				LD_RUNPATH_SEARCH_PATHS = (
					"$(inherited)",
					"@executable_path/Frameworks",
				);
				MARKETING_VERSION = 2.1;
				PRODUCT_BUNDLE_IDENTIFIER = com.CanDuru.Radventure;
				PRODUCT_NAME = "$(TARGET_NAME)";
				SUPPORTED_PLATFORMS = "iphoneos iphonesimulator";
				SUPPORTS_MACCATALYST = NO;
				SUPPORTS_MAC_DESIGNED_FOR_IPHONE_IPAD = NO;
				SUPPORTS_XR_DESIGNED_FOR_IPHONE_IPAD = NO;
				SWIFT_EMIT_LOC_STRINGS = YES;
				SWIFT_VERSION = 5.0;
				TARGETED_DEVICE_FAMILY = 1;
			};
			name = Release;
		};
		1FDC80542A44927F00F9CC96 /* Debug */ = {
			isa = XCBuildConfiguration;
			baseConfigurationReference = A565B6DBC95AC90178D33786 /* Pods-RadventureTests.debug.xcconfig */;
			buildSettings = {
				ALWAYS_EMBED_SWIFT_STANDARD_LIBRARIES = YES;
				BUNDLE_LOADER = "$(TEST_HOST)";
				CODE_SIGN_STYLE = Automatic;
				CURRENT_PROJECT_VERSION = 1;
				DEVELOPMENT_TEAM = NV57XZ3KBV;
				GENERATE_INFOPLIST_FILE = YES;
				IPHONEOS_DEPLOYMENT_TARGET = 16.4;
				MARKETING_VERSION = 1.0;
				PRODUCT_BUNDLE_IDENTIFIER = com.CanDuru.RadventureTests;
				PRODUCT_NAME = "$(TARGET_NAME)";
				SWIFT_EMIT_LOC_STRINGS = NO;
				SWIFT_VERSION = 5.0;
				TARGETED_DEVICE_FAMILY = "1,2";
				TEST_HOST = "$(BUILT_PRODUCTS_DIR)/Radventure.app/$(BUNDLE_EXECUTABLE_FOLDER_PATH)/Radventure";
			};
			name = Debug;
		};
		1FDC80552A44927F00F9CC96 /* Release */ = {
			isa = XCBuildConfiguration;
			baseConfigurationReference = E99756E3D1441ECE043794F5 /* Pods-RadventureTests.release.xcconfig */;
			buildSettings = {
				ALWAYS_EMBED_SWIFT_STANDARD_LIBRARIES = YES;
				BUNDLE_LOADER = "$(TEST_HOST)";
				CODE_SIGN_STYLE = Automatic;
				CURRENT_PROJECT_VERSION = 1;
				DEVELOPMENT_TEAM = NV57XZ3KBV;
				GENERATE_INFOPLIST_FILE = YES;
				IPHONEOS_DEPLOYMENT_TARGET = 16.4;
				MARKETING_VERSION = 1.0;
				PRODUCT_BUNDLE_IDENTIFIER = com.CanDuru.RadventureTests;
				PRODUCT_NAME = "$(TARGET_NAME)";
				SWIFT_EMIT_LOC_STRINGS = NO;
				SWIFT_VERSION = 5.0;
				TARGETED_DEVICE_FAMILY = "1,2";
				TEST_HOST = "$(BUILT_PRODUCTS_DIR)/Radventure.app/$(BUNDLE_EXECUTABLE_FOLDER_PATH)/Radventure";
			};
			name = Release;
		};
		1FDC80572A44927F00F9CC96 /* Debug */ = {
			isa = XCBuildConfiguration;
			baseConfigurationReference = 90D4E6A5AC16C4335EC14A89 /* Pods-Radventure-RadventureUITests.debug.xcconfig */;
			buildSettings = {
				ALWAYS_EMBED_SWIFT_STANDARD_LIBRARIES = YES;
				CODE_SIGN_STYLE = Automatic;
				CURRENT_PROJECT_VERSION = 1;
				DEVELOPMENT_TEAM = NV57XZ3KBV;
				GENERATE_INFOPLIST_FILE = YES;
				MARKETING_VERSION = 1.0;
				PRODUCT_BUNDLE_IDENTIFIER = com.CanDuru.RadventureUITests;
				PRODUCT_NAME = "$(TARGET_NAME)";
				SWIFT_EMIT_LOC_STRINGS = NO;
				SWIFT_VERSION = 5.0;
				TARGETED_DEVICE_FAMILY = "1,2";
				TEST_TARGET_NAME = Radventure;
			};
			name = Debug;
		};
		1FDC80582A44927F00F9CC96 /* Release */ = {
			isa = XCBuildConfiguration;
			baseConfigurationReference = EF8F38D1CA4489D81D05E6A0 /* Pods-Radventure-RadventureUITests.release.xcconfig */;
			buildSettings = {
				ALWAYS_EMBED_SWIFT_STANDARD_LIBRARIES = YES;
				CODE_SIGN_STYLE = Automatic;
				CURRENT_PROJECT_VERSION = 1;
				DEVELOPMENT_TEAM = NV57XZ3KBV;
				GENERATE_INFOPLIST_FILE = YES;
				MARKETING_VERSION = 1.0;
				PRODUCT_BUNDLE_IDENTIFIER = com.CanDuru.RadventureUITests;
				PRODUCT_NAME = "$(TARGET_NAME)";
				SWIFT_EMIT_LOC_STRINGS = NO;
				SWIFT_VERSION = 5.0;
				TARGETED_DEVICE_FAMILY = "1,2";
				TEST_TARGET_NAME = Radventure;
			};
			name = Release;
		};
/* End XCBuildConfiguration section */

/* Begin XCConfigurationList section */
		1FDC80212A44927E00F9CC96 /* Build configuration list for PBXProject "Radventure" */ = {
			isa = XCConfigurationList;
			buildConfigurations = (
				1FDC804E2A44927F00F9CC96 /* Debug */,
				1FDC804F2A44927F00F9CC96 /* Release */,
			);
			defaultConfigurationIsVisible = 0;
			defaultConfigurationName = Release;
		};
		1FDC80502A44927F00F9CC96 /* Build configuration list for PBXNativeTarget "Radventure" */ = {
			isa = XCConfigurationList;
			buildConfigurations = (
				1FDC80512A44927F00F9CC96 /* Debug */,
				1FDC80522A44927F00F9CC96 /* Release */,
			);
			defaultConfigurationIsVisible = 0;
			defaultConfigurationName = Release;
		};
		1FDC80532A44927F00F9CC96 /* Build configuration list for PBXNativeTarget "RadventureTests" */ = {
			isa = XCConfigurationList;
			buildConfigurations = (
				1FDC80542A44927F00F9CC96 /* Debug */,
				1FDC80552A44927F00F9CC96 /* Release */,
			);
			defaultConfigurationIsVisible = 0;
			defaultConfigurationName = Release;
		};
		1FDC80562A44927F00F9CC96 /* Build configuration list for PBXNativeTarget "RadventureUITests" */ = {
			isa = XCConfigurationList;
			buildConfigurations = (
				1FDC80572A44927F00F9CC96 /* Debug */,
				1FDC80582A44927F00F9CC96 /* Release */,
			);
			defaultConfigurationIsVisible = 0;
			defaultConfigurationName = Release;
		};
/* End XCConfigurationList section */
	};
	rootObject = 1FDC801E2A44927E00F9CC96 /* Project object */;
}
